<?xml version="1.0" encoding="utf-8"?>
<Project ToolsVersion="4.0" xmlns="http://schemas.microsoft.com/developer/msbuild/2003">
  <ItemGroup>
    <Filter Include="Source Files">
      <UniqueIdentifier>{4FC737F1-C7A5-4376-A066-2A32D752A2FF}</UniqueIdentifier>
      <Extensions>cpp;c;cc;cxx;def;odl;idl;hpj;bat;asm;asmx</Extensions>
    </Filter>
    <Filter Include="Header Files">
      <UniqueIdentifier>{93995380-89BD-4b04-88EB-625FBE52EBFB}</UniqueIdentifier>
      <Extensions>h;hpp;hxx;hm;inl;inc;xsd</Extensions>
    </Filter>
    <Filter Include="Resource Files">
      <UniqueIdentifier>{67DA6AB6-F800-4c08-8B7A-83BB121AAD01}</UniqueIdentifier>
      <Extensions>rc;ico;cur;bmp;dlg;rc2;rct;bin;rgs;gif;jpg;jpeg;jpe;resx;tiff;tif;png;wav;mfcribbon-ms</Extensions>
    </Filter>
  </ItemGroup>
  <ItemGroup>
    <ClCompile Include="cpl_csv.c">
      <Filter>Source Files</Filter>
    </ClCompile>
    <ClCompile Include="cpl_serv.c">
      <Filter>Source Files</Filter>
    </ClCompile>
    <ClCompile Include="geo_extra.c">
      <Filter>Source Files</Filter>
    </ClCompile>
    <ClCompile Include="geo_free.c">
      <Filter>Source Files</Filter>
    </ClCompile>
    <ClCompile Include="geo_get.c">
      <Filter>Source Files</Filter>
    </ClCompile>
    <ClCompile Include="geo_names.c">
      <Filter>Source Files</Filter>
    </ClCompile>
    <ClCompile Include="geo_new.c">
      <Filter>Source Files</Filter>
    </ClCompile>
    <ClCompile Include="geo_normalize.c">
      <Filter>Source Files</Filter>
    </ClCompile>
    <ClCompile Include="geo_print.c">
      <Filter>Source Files</Filter>
    </ClCompile>
    <ClCompile Include="geo_set.c">
      <Filter>Source Files</Filter>
    </ClCompile>
    <ClCompile Include="geo_simpletags.c">
      <Filter>Source Files</Filter>
    </ClCompile>
    <ClCompile Include="geo_tiffp.c">
      <Filter>Source Files</Filter>
    </ClCompile>
    <ClCompile Include="geo_trans.c">
      <Filter>Source Files</Filter>
    </ClCompile>
    <ClCompile Include="geo_write.c">
      <Filter>Source Files</Filter>
    </ClCompile>
    <ClCompile Include="geotiff_proj4.c">
      <Filter>Source Files</Filter>
    </ClCompile>
    <ClCompile Include="xtiff.c">
      <Filter>Source Files</Filter>
    </ClCompile>
  </ItemGroup>
  <ItemGroup>
    <ClInclude Include="cpl_serv.h">
      <Filter>Header Files</Filter>
    </ClInclude>
    <ClInclude Include="geo_config.h">
      <Filter>Header Files</Filter>
    </ClInclude>
    <ClInclude Include="geo_incode_defs.h">
      <Filter>Header Files</Filter>
    </ClInclude>
    <ClInclude Include="geo_keyp.h">
      <Filter>Header Files</Filter>
    </ClInclude>
    <ClInclude Include="geo_normalize.h">
      <Filter>Header Files</Filter>
    </ClInclude>
    <ClInclude Include="geo_simpletags.h">
      <Filter>Header Files</Filter>
    </ClInclude>
    <ClInclude Include="geo_tiffp.h">
      <Filter>Header Files</Filter>
    </ClInclude>
    <ClInclude Include="geokeys.h">
      <Filter>Header Files</Filter>
    </ClInclude>
    <ClInclude Include="geonames.h">
      <Filter>Header Files</Filter>
    </ClInclude>
    <ClInclude Include="geotiff.h">
      <Filter>Header Files</Filter>
    </ClInclude>
    <ClInclude Include="geotiffio.h">
      <Filter>Header Files</Filter>
    </ClInclude>
    <ClInclude Include="geovalues.h">
      <Filter>Header Files</Filter>
    </ClInclude>
    <ClInclude Include="xtiffio.h">
      <Filter>Header Files</Filter>
    </ClInclude>
  </ItemGroup>
  <ItemGroup>
    <None Include="epsg_datum.inc">
      <Filter>Header Files</Filter>
    </None>
    <None Include="epsg_ellipse.inc">
      <Filter>Header Files</Filter>
    </None>
    <None Include="epsg_gcs.inc">
      <Filter>Header Files</Filter>
    </None>
    <None Include="epsg_pcs.inc">
      <Filter>Header Files</Filter>
    </None>
    <None Include="epsg_pm.inc">
      <Filter>Header Files</Filter>
    </None>
    <None Include="epsg_proj.inc">
      <Filter>Header Files</Filter>
    </None>
    <None Include="epsg_units.inc">
      <Filter>Header Files</Filter>
    </None>
    <None Include="epsg_vertcs.inc">
      <Filter>Header Files</Filter>
    </None>
    <None Include="geo_ctrans.inc">
      <Filter>Header Files</Filter>
    </None>
    <None Include="geokeys.inc">
      <Filter>Header Files</Filter>
    </None>
    <None Include="geotiff.def">
      <Filter>Source Files</Filter>
    </None>
  </ItemGroup>
</Project>